
Microsoft Visual Studio Solution File, Format Version 12.00
# Visual Studio Version 17
VisualStudioVersion = 17.0.31903.59
MinimumVisualStudioVersion = 10.0.40219.1
Project("{FAE04EC0-301F-11D3-BF4B-00C04F79EFBC}") = "test", "test\test.csproj", "{3E15707F-2304-4FD2-8ACA-3449500F2F0C}"
EndProject
Project("{2150E333-8FDC-42A3-9474-1A3956D46DE8}") = "src", "src", "{543282DE-8401-432B-AC68-0D54CAF011AA}"
EndProject
Project("{FAE04EC0-301F-11D3-BF4B-00C04F79EFBC}") = "Chirp.Core", "src\Chirp.Core\Chirp.Core.csproj", "{2B40E9A8-68C9-41BE-9528-7E14DE23E961}"
EndProject
Project("{FAE04EC0-301F-11D3-BF4B-00C04F79EFBC}") = "Chirp.Infrastructure", "src\Chirp.Infrastructure\Chirp.Infrastructure.csproj", "{D2A256A2-EA21-48E8-A245-68CA40B1665C}"
EndProject
Project("{FAE04EC0-301F-11D3-BF4B-00C04F79EFBC}") = "Chirp.Web", "src\Chirp.Web\Chirp.Web.csproj", "{FF6CD9D2-F452-483B-B3C1-C2AFD35EC46B}"
EndProject
Global
	GlobalSection(SolutionConfigurationPlatforms) = preSolution
		Debug|Any CPU = Debug|Any CPU
		Release|Any CPU = Release|Any CPU
	EndGlobalSection
	GlobalSection(SolutionProperties) = preSolution
		HideSolutionNode = FALSE
	EndGlobalSection
	GlobalSection(ProjectConfigurationPlatforms) = postSolution
		{66E54CD4-9922-4AF4-AA2C-37FB9DA66B16}.Debug|Any CPU.ActiveCfg = Debug|Any CPU
		{66E54CD4-9922-4AF4-AA2C-37FB9DA66B16}.Debug|Any CPU.Build.0 = Debug|Any CPU
		{66E54CD4-9922-4AF4-AA2C-37FB9DA66B16}.Release|Any CPU.ActiveCfg = Release|Any CPU
		{66E54CD4-9922-4AF4-AA2C-37FB9DA66B16}.Release|Any CPU.Build.0 = Release|Any CPU
		{5027A6A5-654D-4689-B2D3-A62BEEDB3A61}.Debug|Any CPU.ActiveCfg = Debug|Any CPU
		{5027A6A5-654D-4689-B2D3-A62BEEDB3A61}.Debug|Any CPU.Build.0 = Debug|Any CPU
		{5027A6A5-654D-4689-B2D3-A62BEEDB3A61}.Release|Any CPU.ActiveCfg = Release|Any CPU
		{5027A6A5-654D-4689-B2D3-A62BEEDB3A61}.Release|Any CPU.Build.0 = Release|Any CPU
		{3E15707F-2304-4FD2-8ACA-3449500F2F0C}.Debug|Any CPU.ActiveCfg = Debug|Any CPU
		{3E15707F-2304-4FD2-8ACA-3449500F2F0C}.Debug|Any CPU.Build.0 = Debug|Any CPU
		{3E15707F-2304-4FD2-8ACA-3449500F2F0C}.Release|Any CPU.ActiveCfg = Release|Any CPU
		{3E15707F-2304-4FD2-8ACA-3449500F2F0C}.Release|Any CPU.Build.0 = Release|Any CPU
		{8DFDAF02-39D5-42F7-AC8E-9C8A17B783AE}.Debug|Any CPU.ActiveCfg = Debug|Any CPU
		{8DFDAF02-39D5-42F7-AC8E-9C8A17B783AE}.Debug|Any CPU.Build.0 = Debug|Any CPU
		{8DFDAF02-39D5-42F7-AC8E-9C8A17B783AE}.Release|Any CPU.ActiveCfg = Release|Any CPU
		{8DFDAF02-39D5-42F7-AC8E-9C8A17B783AE}.Release|Any CPU.Build.0 = Release|Any CPU
		{2B40E9A8-68C9-41BE-9528-7E14DE23E961}.Debug|Any CPU.ActiveCfg = Debug|Any CPU
		{2B40E9A8-68C9-41BE-9528-7E14DE23E961}.Debug|Any CPU.Build.0 = Debug|Any CPU
		{2B40E9A8-68C9-41BE-9528-7E14DE23E961}.Release|Any CPU.ActiveCfg = Release|Any CPU
		{2B40E9A8-68C9-41BE-9528-7E14DE23E961}.Release|Any CPU.Build.0 = Release|Any CPU
		{D2A256A2-EA21-48E8-A245-68CA40B1665C}.Debug|Any CPU.ActiveCfg = Debug|Any CPU
		{D2A256A2-EA21-48E8-A245-68CA40B1665C}.Debug|Any CPU.Build.0 = Debug|Any CPU
		{D2A256A2-EA21-48E8-A245-68CA40B1665C}.Release|Any CPU.ActiveCfg = Release|Any CPU
		{D2A256A2-EA21-48E8-A245-68CA40B1665C}.Release|Any CPU.Build.0 = Release|Any CPU
		{FF6CD9D2-F452-483B-B3C1-C2AFD35EC46B}.Debug|Any CPU.ActiveCfg = Debug|Any CPU
		{FF6CD9D2-F452-483B-B3C1-C2AFD35EC46B}.Debug|Any CPU.Build.0 = Debug|Any CPU
		{FF6CD9D2-F452-483B-B3C1-C2AFD35EC46B}.Release|Any CPU.ActiveCfg = Release|Any CPU
		{FF6CD9D2-F452-483B-B3C1-C2AFD35EC46B}.Release|Any CPU.Build.0 = Release|Any CPU
	EndGlobalSection
	GlobalSection(NestedProjects) = preSolution
		{2B40E9A8-68C9-41BE-9528-7E14DE23E961} = {543282DE-8401-432B-AC68-0D54CAF011AA}
		{D2A256A2-EA21-48E8-A245-68CA40B1665C} = {543282DE-8401-432B-AC68-0D54CAF011AA}
		{FF6CD9D2-F452-483B-B3C1-C2AFD35EC46B} = {543282DE-8401-432B-AC68-0D54CAF011AA}
	EndGlobalSection
EndGlobal
